
Microsoft Visual Studio Solution File, Format Version 12.00
# Visual Studio Version 16
VisualStudioVersion = 16.0.30011.22
MinimumVisualStudioVersion = 10.0.40219.1
Project("{9A19103F-16F7-4668-BE54-9A1E7A4F7556}") = "TTSHavrylov", "TTSHavrylov\TTSHavrylov.csproj", "{AF76D32F-10A9-4859-9E68-0E6301559E30}"
EndProject
Project("{2150E333-8FDC-42A3-9474-1A3956D46DE8}") = "Havrylov", "Havrylov", "{7797430F-3C10-480B-BC25-067E257B001B}"
	ProjectSection(SolutionItems) = preProject
		Havrylov\+space.wav = Havrylov\+space.wav
		Havrylov\0.wav = Havrylov\0.wav
		Havrylov\1.wav = Havrylov\1.wav
		Havrylov\2.wav = Havrylov\2.wav
		Havrylov\3.wav = Havrylov\3.wav
		Havrylov\4.wav = Havrylov\4.wav
		Havrylov\5.wav = Havrylov\5.wav
		Havrylov\6.wav = Havrylov\6.wav
		Havrylov\7.wav = Havrylov\7.wav
		Havrylov\8.wav = Havrylov\8.wav
		Havrylov\9.wav = Havrylov\9.wav
		Havrylov\config.txt = Havrylov\config.txt
		Havrylov\а.wav = Havrylov\а.wav
		Havrylov\б.wav = Havrylov\б.wav
		Havrylov\ба.wav = Havrylov\ба.wav
		Havrylov\бе.wav = Havrylov\бе.wav
		Havrylov\би.wav = Havrylov\би.wav
		Havrylov\бо.wav = Havrylov\бо.wav
		Havrylov\бу.wav = Havrylov\бу.wav
		Havrylov\бы.wav = Havrylov\бы.wav
		Havrylov\бь.wav = Havrylov\бь.wav
		Havrylov\бэ.wav = Havrylov\бэ.wav
		Havrylov\бю.wav = Havrylov\бю.wav
		Havrylov\бя.wav = Havrylov\бя.wav
		Havrylov\в.wav = Havrylov\в.wav
		Havrylov\ва.wav = Havrylov\ва.wav
		Havrylov\ве.wav = Havrylov\ве.wav
		Havrylov\ви.wav = Havrylov\ви.wav
		Havrylov\во.wav = Havrylov\во.wav
		Havrylov\ву.wav = Havrylov\ву.wav
		Havrylov\вы.wav = Havrylov\вы.wav
		Havrylov\вь.wav = Havrylov\вь.wav
		Havrylov\вэ.wav = Havrylov\вэ.wav
		Havrylov\вю.wav = Havrylov\вю.wav
		Havrylov\вя.wav = Havrylov\вя.wav
		Havrylov\г.wav = Havrylov\г.wav
		Havrylov\га.wav = Havrylov\га.wav
		Havrylov\ге.wav = Havrylov\ге.wav
		Havrylov\ги.wav = Havrylov\ги.wav
		Havrylov\го.wav = Havrylov\го.wav
		Havrylov\гу.wav = Havrylov\гу.wav
		Havrylov\гы.wav = Havrylov\гы.wav
		Havrylov\гь.wav = Havrylov\гь.wav
		Havrylov\гэ.wav = Havrylov\гэ.wav
		Havrylov\гю.wav = Havrylov\гю.wav
		Havrylov\гя.wav = Havrylov\гя.wav
		Havrylov\д.wav = Havrylov\д.wav
		Havrylov\да.wav = Havrylov\да.wav
		Havrylov\де.wav = Havrylov\де.wav
		Havrylov\ди.wav = Havrylov\ди.wav
		Havrylov\до.wav = Havrylov\до.wav
		Havrylov\ду.wav = Havrylov\ду.wav
		Havrylov\ды.wav = Havrylov\ды.wav
		Havrylov\дь.wav = Havrylov\дь.wav
		Havrylov\дэ.wav = Havrylov\дэ.wav
		Havrylov\дю.wav = Havrylov\дю.wav
		Havrylov\дя.wav = Havrylov\дя.wav
		Havrylov\е.wav = Havrylov\е.wav
		Havrylov\ж.wav = Havrylov\ж.wav
		Havrylov\жа.wav = Havrylov\жа.wav
		Havrylov\же.wav = Havrylov\же.wav
		Havrylov\жи.wav = Havrylov\жи.wav
		Havrylov\жо.wav = Havrylov\жо.wav
		Havrylov\жу.wav = Havrylov\жу.wav
		Havrylov\з.wav = Havrylov\з.wav
		Havrylov\за.wav = Havrylov\за.wav
		Havrylov\зе.wav = Havrylov\зе.wav
		Havrylov\зи.wav = Havrylov\зи.wav
		Havrylov\зо.wav = Havrylov\зо.wav
		Havrylov\зу.wav = Havrylov\зу.wav
		Havrylov\зы.wav = Havrylov\зы.wav
		Havrylov\зь.wav = Havrylov\зь.wav
		Havrylov\зэ.wav = Havrylov\зэ.wav
		Havrylov\зю.wav = Havrylov\зю.wav
		Havrylov\зя.wav = Havrylov\зя.wav
		Havrylov\и.wav = Havrylov\и.wav
		Havrylov\й.wav = Havrylov\й.wav
		Havrylov\йо.wav = Havrylov\йо.wav
		Havrylov\йу.wav = Havrylov\йу.wav
		Havrylov\к.wav = Havrylov\к.wav
		Havrylov\ка.wav = Havrylov\ка.wav
		Havrylov\ке.wav = Havrylov\ке.wav
		Havrylov\ки.wav = Havrylov\ки.wav
		Havrylov\ко.wav = Havrylov\ко.wav
		Havrylov\ку.wav = Havrylov\ку.wav
		Havrylov\кы.wav = Havrylov\кы.wav
		Havrylov\кь.wav = Havrylov\кь.wav
		Havrylov\кэ.wav = Havrylov\кэ.wav
		Havrylov\кю.wav = Havrylov\кю.wav
		Havrylov\кя.wav = Havrylov\кя.wav
		Havrylov\л.wav = Havrylov\л.wav
		Havrylov\ла.wav = Havrylov\ла.wav
		Havrylov\ле.wav = Havrylov\ле.wav
		Havrylov\ли.wav = Havrylov\ли.wav
		Havrylov\ло.wav = Havrylov\ло.wav
		Havrylov\лу.wav = Havrylov\лу.wav
		Havrylov\лы.wav = Havrylov\лы.wav
		Havrylov\ль.wav = Havrylov\ль.wav
		Havrylov\лэ.wav = Havrylov\лэ.wav
		Havrylov\лю.wav = Havrylov\лю.wav
		Havrylov\ля.wav = Havrylov\ля.wav
		Havrylov\м.wav = Havrylov\м.wav
		Havrylov\ма.wav = Havrylov\ма.wav
		Havrylov\ме.wav = Havrylov\ме.wav
		Havrylov\ми.wav = Havrylov\ми.wav
		Havrylov\мо.wav = Havrylov\мо.wav
		Havrylov\му.wav = Havrylov\му.wav
		Havrylov\мы.wav = Havrylov\мы.wav
		Havrylov\мь.wav = Havrylov\мь.wav
		Havrylov\мэ.wav = Havrylov\мэ.wav
		Havrylov\мю.wav = Havrylov\мю.wav
		Havrylov\мя.wav = Havrylov\мя.wav
		Havrylov\н.wav = Havrylov\н.wav
		Havrylov\на.wav = Havrylov\на.wav
		Havrylov\не.wav = Havrylov\не.wav
		Havrylov\ни.wav = Havrylov\ни.wav
		Havrylov\но.wav = Havrylov\но.wav
		Havrylov\ну.wav = Havrylov\ну.wav
		Havrylov\ны.wav = Havrylov\ны.wav
		Havrylov\нь.wav = Havrylov\нь.wav
		Havrylov\нэ.wav = Havrylov\нэ.wav
		Havrylov\ню.wav = Havrylov\ню.wav
		Havrylov\ня.wav = Havrylov\ня.wav
		Havrylov\о.wav = Havrylov\о.wav
		Havrylov\п.wav = Havrylov\п.wav
		Havrylov\па.wav = Havrylov\па.wav
		Havrylov\пе.wav = Havrylov\пе.wav
		Havrylov\пи.wav = Havrylov\пи.wav
		Havrylov\по.wav = Havrylov\по.wav
		Havrylov\пу.wav = Havrylov\пу.wav
		Havrylov\пы.wav = Havrylov\пы.wav
		Havrylov\пь.wav = Havrylov\пь.wav
		Havrylov\пэ.wav = Havrylov\пэ.wav
		Havrylov\пю.wav = Havrylov\пю.wav
		Havrylov\пя.wav = Havrylov\пя.wav
		Havrylov\р.wav = Havrylov\р.wav
		Havrylov\ра.wav = Havrylov\ра.wav
		Havrylov\ре.wav = Havrylov\ре.wav
		Havrylov\ри.wav = Havrylov\ри.wav
		Havrylov\ро.wav = Havrylov\ро.wav
		Havrylov\ру.wav = Havrylov\ру.wav
		Havrylov\ры.wav = Havrylov\ры.wav
		Havrylov\рь.wav = Havrylov\рь.wav
		Havrylov\рэ.wav = Havrylov\рэ.wav
		Havrylov\рю.wav = Havrylov\рю.wav
		Havrylov\ря.wav = Havrylov\ря.wav
		Havrylov\с.wav = Havrylov\с.wav
		Havrylov\са.wav = Havrylov\са.wav
		Havrylov\се.wav = Havrylov\се.wav
		Havrylov\си.wav = Havrylov\си.wav
		Havrylov\со.wav = Havrylov\со.wav
		Havrylov\су.wav = Havrylov\су.wav
		Havrylov\сы.wav = Havrylov\сы.wav
		Havrylov\сь.wav = Havrylov\сь.wav
		Havrylov\сэ.wav = Havrylov\сэ.wav
		Havrylov\сю.wav = Havrylov\сю.wav
		Havrylov\ся.wav = Havrylov\ся.wav
		Havrylov\т.wav = Havrylov\т.wav
		Havrylov\та.wav = Havrylov\та.wav
		Havrylov\те.wav = Havrylov\те.wav
		Havrylov\ти.wav = Havrylov\ти.wav
		Havrylov\то.wav = Havrylov\то.wav
		Havrylov\ту.wav = Havrylov\ту.wav
		Havrylov\ты.wav = Havrylov\ты.wav
		Havrylov\ть.wav = Havrylov\ть.wav
		Havrylov\тэ.wav = Havrylov\тэ.wav
		Havrylov\тю.wav = Havrylov\тю.wav
		Havrylov\тя.wav = Havrylov\тя.wav
		Havrylov\у.wav = Havrylov\у.wav
		Havrylov\ф.wav = Havrylov\ф.wav
		Havrylov\фа.wav = Havrylov\фа.wav
		Havrylov\фе.wav = Havrylov\фе.wav
		Havrylov\фи.wav = Havrylov\фи.wav
		Havrylov\фо.wav = Havrylov\фо.wav
		Havrylov\фу.wav = Havrylov\фу.wav
		Havrylov\фы.wav = Havrylov\фы.wav
		Havrylov\фэ.wav = Havrylov\фэ.wav
		Havrylov\фю.wav = Havrylov\фю.wav
		Havrylov\фя.wav = Havrylov\фя.wav
		Havrylov\х.wav = Havrylov\х.wav
		Havrylov\ха.wav = Havrylov\ха.wav
		Havrylov\хе.wav = Havrylov\хе.wav
		Havrylov\хи.wav = Havrylov\хи.wav
		Havrylov\хо.wav = Havrylov\хо.wav
		Havrylov\ху.wav = Havrylov\ху.wav
		Havrylov\хы.wav = Havrylov\хы.wav
		Havrylov\хэ.wav = Havrylov\хэ.wav
		Havrylov\хю.wav = Havrylov\хю.wav
		Havrylov\хя.wav = Havrylov\хя.wav
		Havrylov\ц.wav = Havrylov\ц.wav
		Havrylov\ца.wav = Havrylov\ца.wav
		Havrylov\це.wav = Havrylov\це.wav
		Havrylov\ци.wav = Havrylov\ци.wav
		Havrylov\цо.wav = Havrylov\цо.wav
		Havrylov\цу.wav = Havrylov\цу.wav
		Havrylov\цы.wav = Havrylov\цы.wav
		Havrylov\цю.wav = Havrylov\цю.wav
		Havrylov\ця.wav = Havrylov\ця.wav
		Havrylov\ч.wav = Havrylov\ч.wav
		Havrylov\ча.wav = Havrylov\ча.wav
		Havrylov\че.wav = Havrylov\че.wav
		Havrylov\чи.wav = Havrylov\чи.wav
		Havrylov\чо.wav = Havrylov\чо.wav
		Havrylov\чу.wav = Havrylov\чу.wav
		Havrylov\чы.wav = Havrylov\чы.wav
		Havrylov\чэ.wav = Havrylov\чэ.wav
		Havrylov\чю.wav = Havrylov\чю.wav
		Havrylov\ш.wav = Havrylov\ш.wav
		Havrylov\ша.wav = Havrylov\ша.wav
		Havrylov\ше.wav = Havrylov\ше.wav
		Havrylov\ши.wav = Havrylov\ши.wav
		Havrylov\шо.wav = Havrylov\шо.wav
		Havrylov\шу.wav = Havrylov\шу.wav
		Havrylov\шю.wav = Havrylov\шю.wav
		Havrylov\щ.wav = Havrylov\щ.wav
		Havrylov\ща.wav = Havrylov\ща.wav
		Havrylov\ще.wav = Havrylov\ще.wav
		Havrylov\щи.wav = Havrylov\щи.wav
		Havrylov\що.wav = Havrylov\що.wav
		Havrylov\щу.wav = Havrylov\щу.wav
		Havrylov\ы.wav = Havrylov\ы.wav
		Havrylov\э.wav = Havrylov\э.wav
		Havrylov\ю.wav = Havrylov\ю.wav
		Havrylov\я.wav = Havrylov\я.wav
		Havrylov\ё.wav = Havrylov\ё.wav
	EndProjectSection
EndProject
Global
	GlobalSection(SolutionConfigurationPlatforms) = preSolution
		Debug|Any CPU = Debug|Any CPU
		Release|Any CPU = Release|Any CPU
	EndGlobalSection
	GlobalSection(ProjectConfigurationPlatforms) = postSolution
		{AF76D32F-10A9-4859-9E68-0E6301559E30}.Debug|Any CPU.ActiveCfg = Debug|Any CPU
		{AF76D32F-10A9-4859-9E68-0E6301559E30}.Debug|Any CPU.Build.0 = Debug|Any CPU
		{AF76D32F-10A9-4859-9E68-0E6301559E30}.Release|Any CPU.ActiveCfg = Release|Any CPU
		{AF76D32F-10A9-4859-9E68-0E6301559E30}.Release|Any CPU.Build.0 = Release|Any CPU
	EndGlobalSection
	GlobalSection(SolutionProperties) = preSolution
		HideSolutionNode = FALSE
	EndGlobalSection
	GlobalSection(ExtensibilityGlobals) = postSolution
		SolutionGuid = {B1669210-E0A6-4A45-BABD-DB362B4E8A49}
	EndGlobalSection
EndGlobal
